
Microsoft Visual Studio Solution File, Format Version 12.00
# Visual Studio Version 17
VisualStudioVersion = 17.4.33110.190
MinimumVisualStudioVersion = 10.0.40219.1
Project("{FAE04EC0-301F-11D3-BF4B-00C04F79EFBC}") = "MinBoxTestTask", "MinBoxTestTask\MinBoxTestTask.csproj", "{9F9C8437-FCBC-4F73-9F9E-C98AA2F57452}"
EndProject
Project("{FAE04EC0-301F-11D3-BF4B-00C04F79EFBC}") = "ShapeLibrary", "ShapeLibrary\ShapeLibrary.csproj", "{19A31C8F-BE9F-44A2-8056-C7BA6FD32F59}"
EndProject
Project("{FAE04EC0-301F-11D3-BF4B-00C04F79EFBC}") = "ShapeTest", "ShapeTest\ShapeTest.csproj", "{D5DD61D1-B941-4405-A076-B98167E8BEEC}"
EndProject
Global
	GlobalSection(SolutionConfigurationPlatforms) = preSolution
		Debug|Any CPU = Debug|Any CPU
		Release|Any CPU = Release|Any CPU
	EndGlobalSection
	GlobalSection(ProjectConfigurationPlatforms) = postSolution
		{9F9C8437-FCBC-4F73-9F9E-C98AA2F57452}.Debug|Any CPU.ActiveCfg = Debug|Any CPU
		{9F9C8437-FCBC-4F73-9F9E-C98AA2F57452}.Debug|Any CPU.Build.0 = Debug|Any CPU
		{9F9C8437-FCBC-4F73-9F9E-C98AA2F57452}.Release|Any CPU.ActiveCfg = Release|Any CPU
		{9F9C8437-FCBC-4F73-9F9E-C98AA2F57452}.Release|Any CPU.Build.0 = Release|Any CPU
		{19A31C8F-BE9F-44A2-8056-C7BA6FD32F59}.Debug|Any CPU.ActiveCfg = Debug|Any CPU
		{19A31C8F-BE9F-44A2-8056-C7BA6FD32F59}.Debug|Any CPU.Build.0 = Debug|Any CPU
		{19A31C8F-BE9F-44A2-8056-C7BA6FD32F59}.Release|Any CPU.ActiveCfg = Release|Any CPU
		{19A31C8F-BE9F-44A2-8056-C7BA6FD32F59}.Release|Any CPU.Build.0 = Release|Any CPU
		{D5DD61D1-B941-4405-A076-B98167E8BEEC}.Debug|Any CPU.ActiveCfg = Debug|Any CPU
		{D5DD61D1-B941-4405-A076-B98167E8BEEC}.Debug|Any CPU.Build.0 = Debug|Any CPU
		{D5DD61D1-B941-4405-A076-B98167E8BEEC}.Release|Any CPU.ActiveCfg = Release|Any CPU
		{D5DD61D1-B941-4405-A076-B98167E8BEEC}.Release|Any CPU.Build.0 = Release|Any CPU
	EndGlobalSection
	GlobalSection(SolutionProperties) = preSolution
		HideSolutionNode = FALSE
	EndGlobalSection
	GlobalSection(ExtensibilityGlobals) = postSolution
		SolutionGuid = {FEA9E8B2-9619-4ABC-B132-B08FF7A3CDD3}
	EndGlobalSection
EndGlobal
